
Microsoft Visual Studio Solution File, Format Version 12.00
# Visual Studio Version 16
VisualStudioVersion = 16.0.31313.79
MinimumVisualStudioVersion = 10.0.40219.1
Project("{FAE04EC0-301F-11D3-BF4B-00C04F79EFBC}") = "TicketSystem", "TicketSystem\TicketSystem.csproj", "{D729F0A6-85E4-419A-BE59-267FC456CB9B}"
EndProject
Global
	GlobalSection(SolutionConfigurationPlatforms) = preSolution
		Debug|Any CPU = Debug|Any CPU
		Release|Any CPU = Release|Any CPU
	EndGlobalSection
	GlobalSection(ProjectConfigurationPlatforms) = postSolution
		{D729F0A6-85E4-419A-BE59-267FC456CB9B}.Debug|Any CPU.ActiveCfg = Debug|Any CPU
		{D729F0A6-85E4-419A-BE59-267FC456CB9B}.Debug|Any CPU.Build.0 = Debug|Any CPU
		{D729F0A6-85E4-419A-BE59-267FC456CB9B}.Release|Any CPU.ActiveCfg = Release|Any CPU
		{D729F0A6-85E4-419A-BE59-267FC456CB9B}.Release|Any CPU.Build.0 = Release|Any CPU
	EndGlobalSection
	GlobalSection(SolutionProperties) = preSolution
		HideSolutionNode = FALSE
	EndGlobalSection
	GlobalSection(ExtensibilityGlobals) = postSolution
		SolutionGuid = {7A5F686E-AE96-4E4B-A309-289C1B301DE3}
	EndGlobalSection
EndGlobal
